
Microsoft Visual Studio Solution File, Format Version 12.00
# Visual Studio Version 17
VisualStudioVersion = 17.2.32616.157
MinimumVisualStudioVersion = 10.0.40219.1
Project("{FAE04EC0-301F-11D3-BF4B-00C04F79EFBC}") = "TCKimlikNoUretmeVeDogrulama", "TCKimlikNoUretmeVeDogrulama\TCKimlikNoUretmeVeDogrulama.csproj", "{C341F709-BA06-49CE-9802-754EA157C0D4}"
EndProject
Global
	GlobalSection(SolutionConfigurationPlatforms) = preSolution
		Debug|Any CPU = Debug|Any CPU
		Release|Any CPU = Release|Any CPU
	EndGlobalSection
	GlobalSection(ProjectConfigurationPlatforms) = postSolution
		{C341F709-BA06-49CE-9802-754EA157C0D4}.Debug|Any CPU.ActiveCfg = Debug|Any CPU
		{C341F709-BA06-49CE-9802-754EA157C0D4}.Debug|Any CPU.Build.0 = Debug|Any CPU
		{C341F709-BA06-49CE-9802-754EA157C0D4}.Release|Any CPU.ActiveCfg = Release|Any CPU
		{C341F709-BA06-49CE-9802-754EA157C0D4}.Release|Any CPU.Build.0 = Release|Any CPU
	EndGlobalSection
	GlobalSection(SolutionProperties) = preSolution
		HideSolutionNode = FALSE
	EndGlobalSection
	GlobalSection(ExtensibilityGlobals) = postSolution
		SolutionGuid = {DD69F906-EC8C-4A70-82D4-8CDD21CE5184}
	EndGlobalSection
EndGlobal
